// !$*UTF8*$!
{
	archiveVersion = 1;
	classes = {
	};
	objectVersion = 56;
	objects = {

/* Begin PBXBuildFile section */
		5A19AA852BFE033D00B8822A /* PokeApp.swift in Sources */ = {isa = PBXBuildFile; fileRef = 5A19AA842BFE033D00B8822A /* PokeApp.swift */; };
		5A19AA872BFE033D00B8822A /* PokemonListView.swift in Sources */ = {isa = PBXBuildFile; fileRef = 5A19AA862BFE033D00B8822A /* PokemonListView.swift */; };
		5A19AA892BFE033E00B8822A /* Assets.xcassets in Resources */ = {isa = PBXBuildFile; fileRef = 5A19AA882BFE033E00B8822A /* Assets.xcassets */; };
		5A19AA8C2BFE033E00B8822A /* Preview Assets.xcassets in Resources */ = {isa = PBXBuildFile; fileRef = 5A19AA8B2BFE033E00B8822A /* Preview Assets.xcassets */; };
		5A19AA962BFE033E00B8822A /* PokeTests.swift in Sources */ = {isa = PBXBuildFile; fileRef = 5A19AA952BFE033E00B8822A /* PokeTests.swift */; };
		5A19AAA02BFE033E00B8822A /* PokeUITests.swift in Sources */ = {isa = PBXBuildFile; fileRef = 5A19AA9F2BFE033E00B8822A /* PokeUITests.swift */; };
		5A19AAA22BFE033E00B8822A /* PokeUITestsLaunchTests.swift in Sources */ = {isa = PBXBuildFile; fileRef = 5A19AAA12BFE033E00B8822A /* PokeUITestsLaunchTests.swift */; };
		5A19AAB02BFE04DD00B8822A /* pokemodel.swift in Sources */ = {isa = PBXBuildFile; fileRef = 5A19AAAF2BFE04DD00B8822A /* pokemodel.swift */; };
		5A19AAB22BFE052F00B8822A /* PokéAPI.swift in Sources */ = {isa = PBXBuildFile; fileRef = 5A19AAB12BFE052F00B8822A /* PokéAPI.swift */; };
		5A19AAB42BFE05F000B8822A /* PokemonDetailView.swift in Sources */ = {isa = PBXBuildFile; fileRef = 5A19AAB32BFE05F000B8822A /* PokemonDetailView.swift */; };
		5A19AAB62BFE064D00B8822A /* AsyncImage.swift in Sources */ = {isa = PBXBuildFile; fileRef = 5A19AAB52BFE064D00B8822A /* AsyncImage.swift */; };
/* End PBXBuildFile section */

/* Begin PBXContainerItemProxy section */
		5A19AA922BFE033E00B8822A /* PBXContainerItemProxy */ = {
			isa = PBXContainerItemProxy;
			containerPortal = 5A19AA792BFE033D00B8822A /* Project object */;
			proxyType = 1;
			remoteGlobalIDString = 5A19AA802BFE033D00B8822A;
			remoteInfo = Poke;
		};
		5A19AA9C2BFE033E00B8822A /* PBXContainerItemProxy */ = {
			isa = PBXContainerItemProxy;
			containerPortal = 5A19AA792BFE033D00B8822A /* Project object */;
			proxyType = 1;
			remoteGlobalIDString = 5A19AA802BFE033D00B8822A;
			remoteInfo = Poke;
		};
/* End PBXContainerItemProxy section */

/* Begin PBXFileReference section */
		5A19AA812BFE033D00B8822A /* Poke.app */ = {isa = PBXFileReference; explicitFileType = wrapper.application; includeInIndex = 0; path = Poke.app; sourceTree = BUILT_PRODUCTS_DIR; };
		5A19AA842BFE033D00B8822A /* PokeApp.swift */ = {isa = PBXFileReference; lastKnownFileType = sourcecode.swift; path = PokeApp.swift; sourceTree = "<group>"; };
		5A19AA862BFE033D00B8822A /* PokemonListView.swift */ = {isa = PBXFileReference; lastKnownFileType = sourcecode.swift; path = PokemonListView.swift; sourceTree = "<group>"; };
		5A19AA882BFE033E00B8822A /* Assets.xcassets */ = {isa = PBXFileReference; lastKnownFileType = folder.assetcatalog; path = Assets.xcassets; sourceTree = "<group>"; };
		5A19AA8B2BFE033E00B8822A /* Preview Assets.xcassets */ = {isa = PBXFileReference; lastKnownFileType = folder.assetcatalog; path = "Preview Assets.xcassets"; sourceTree = "<group>"; };
		5A19AA912BFE033E00B8822A /* PokeTests.xctest */ = {isa = PBXFileReference; explicitFileType = wrapper.cfbundle; includeInIndex = 0; path = PokeTests.xctest; sourceTree = BUILT_PRODUCTS_DIR; };
		5A19AA952BFE033E00B8822A /* PokeTests.swift */ = {isa = PBXFileReference; lastKnownFileType = sourcecode.swift; path = PokeTests.swift; sourceTree = "<group>"; };
		5A19AA9B2BFE033E00B8822A /* PokeUITests.xctest */ = {isa = PBXFileReference; explicitFileType = wrapper.cfbundle; includeInIndex = 0; path = PokeUITests.xctest; sourceTree = BUILT_PRODUCTS_DIR; };
		5A19AA9F2BFE033E00B8822A /* PokeUITests.swift */ = {isa = PBXFileReference; lastKnownFileType = sourcecode.swift; path = PokeUITests.swift; sourceTree = "<group>"; };
		5A19AAA12BFE033E00B8822A /* PokeUITestsLaunchTests.swift */ = {isa = PBXFileReference; lastKnownFileType = sourcecode.swift; path = PokeUITestsLaunchTests.swift; sourceTree = "<group>"; };
		5A19AAAF2BFE04DD00B8822A /* pokemodel.swift */ = {isa = PBXFileReference; lastKnownFileType = sourcecode.swift; path = pokemodel.swift; sourceTree = "<group>"; };
		5A19AAB12BFE052F00B8822A /* PokéAPI.swift */ = {isa = PBXFileReference; lastKnownFileType = sourcecode.swift; path = "PokéAPI.swift"; sourceTree = "<group>"; };
		5A19AAB32BFE05F000B8822A /* PokemonDetailView.swift */ = {isa = PBXFileReference; lastKnownFileType = sourcecode.swift; path = PokemonDetailView.swift; sourceTree = "<group>"; };
		5A19AAB52BFE064D00B8822A /* AsyncImage.swift */ = {isa = PBXFileReference; lastKnownFileType = sourcecode.swift; path = AsyncImage.swift; sourceTree = "<group>"; };
/* End PBXFileReference section */

/* Begin PBXFrameworksBuildPhase section */
		5A19AA7E2BFE033D00B8822A /* Frameworks */ = {
			isa = PBXFrameworksBuildPhase;
			buildActionMask = 2147483647;
			files = (
			);
			runOnlyForDeploymentPostprocessing = 0;
		};
		5A19AA8E2BFE033E00B8822A /* Frameworks */ = {
			isa = PBXFrameworksBuildPhase;
			buildActionMask = 2147483647;
			files = (
			);
			runOnlyForDeploymentPostprocessing = 0;
		};
		5A19AA982BFE033E00B8822A /* Frameworks */ = {
			isa = PBXFrameworksBuildPhase;
			buildActionMask = 2147483647;
			files = (
			);
			runOnlyForDeploymentPostprocessing = 0;
		};
/* End PBXFrameworksBuildPhase section */

/* Begin PBXGroup section */
		5A19AA782BFE033D00B8822A = {
			isa = PBXGroup;
			children = (
				5A19AA832BFE033D00B8822A /* Poke */,
				5A19AA942BFE033E00B8822A /* PokeTests */,
				5A19AA9E2BFE033E00B8822A /* PokeUITests */,
				5A19AA822BFE033D00B8822A /* Products */,
			);
			sourceTree = "<group>";
		};
		5A19AA822BFE033D00B8822A /* Products */ = {
			isa = PBXGroup;
			children = (
				5A19AA812BFE033D00B8822A /* Poke.app */,
				5A19AA912BFE033E00B8822A /* PokeTests.xctest */,
				5A19AA9B2BFE033E00B8822A /* PokeUITests.xctest */,
			);
			name = Products;
			sourceTree = "<group>";
		};
		5A19AA832BFE033D00B8822A /* Poke */ = {
			isa = PBXGroup;
			children = (
				5A19AAAE2BFE04AA00B8822A /* Mod	al */,
				5A19AA842BFE033D00B8822A /* PokeApp.swift */,
				5A19AA862BFE033D00B8822A /* PokemonListView.swift */,
				5A19AAB32BFE05F000B8822A /* PokemonDetailView.swift */,
				5A19AA882BFE033E00B8822A /* Assets.xcassets */,
				5A19AA8A2BFE033E00B8822A /* Preview Content */,
			);
			path = Poke;
			sourceTree = "<group>";
		};
		5A19AA8A2BFE033E00B8822A /* Preview Content */ = {
			isa = PBXGroup;
			children = (
				5A19AA8B2BFE033E00B8822A /* Preview Assets.xcassets */,
			);
			path = "Preview Content";
			sourceTree = "<group>";
		};
		5A19AA942BFE033E00B8822A /* PokeTests */ = {
			isa = PBXGroup;
			children = (
				5A19AA952BFE033E00B8822A /* PokeTests.swift */,
			);
			path = PokeTests;
			sourceTree = "<group>";
		};
		5A19AA9E2BFE033E00B8822A /* PokeUITests */ = {
			isa = PBXGroup;
			children = (
				5A19AA9F2BFE033E00B8822A /* PokeUITests.swift */,
				5A19AAA12BFE033E00B8822A /* PokeUITestsLaunchTests.swift */,
			);
			path = PokeUITests;
			sourceTree = "<group>";
		};
		5A19AAAE2BFE04AA00B8822A /* Mod	al */ = {
			isa = PBXGroup;
			children = (
				5A19AAAF2BFE04DD00B8822A /* pokemodel.swift */,
				5A19AAB12BFE052F00B8822A /* PokéAPI.swift */,
				5A19AAB52BFE064D00B8822A /* AsyncImage.swift */,
			);
			path = "Mod\tal";
			sourceTree = "<group>";
		};
/* End PBXGroup section */

/* Begin PBXNativeTarget section */
		5A19AA802BFE033D00B8822A /* Poke */ = {
			isa = PBXNativeTarget;
			buildConfigurationList = 5A19AAA52BFE033E00B8822A /* Build configuration list for PBXNativeTarget "Poke" */;
			buildPhases = (
				5A19AA7D2BFE033D00B8822A /* Sources */,
				5A19AA7E2BFE033D00B8822A /* Frameworks */,
				5A19AA7F2BFE033D00B8822A /* Resources */,
			);
			buildRules = (
			);
			dependencies = (
			);
			name = Poke;
			productName = Poke;
			productReference = 5A19AA812BFE033D00B8822A /* Poke.app */;
			productType = "com.apple.product-type.application";
		};
		5A19AA902BFE033E00B8822A /* PokeTests */ = {
			isa = PBXNativeTarget;
			buildConfigurationList = 5A19AAA82BFE033E00B8822A /* Build configuration list for PBXNativeTarget "PokeTests" */;
			buildPhases = (
				5A19AA8D2BFE033E00B8822A /* Sources */,
				5A19AA8E2BFE033E00B8822A /* Frameworks */,
				5A19AA8F2BFE033E00B8822A /* Resources */,
			);
			buildRules = (
			);
			dependencies = (
				5A19AA932BFE033E00B8822A /* PBXTargetDependency */,
			);
			name = PokeTests;
			productName = PokeTests;
			productReference = 5A19AA912BFE033E00B8822A /* PokeTests.xctest */;
			productType = "com.apple.product-type.bundle.unit-test";
		};
		5A19AA9A2BFE033E00B8822A /* PokeUITests */ = {
			isa = PBXNativeTarget;
			buildConfigurationList = 5A19AAAB2BFE033E00B8822A /* Build configuration list for PBXNativeTarget "PokeUITests" */;
			buildPhases = (
				5A19AA972BFE033E00B8822A /* Sources */,
				5A19AA982BFE033E00B8822A /* Frameworks */,
				5A19AA992BFE033E00B8822A /* Resources */,
			);
			buildRules = (
			);
			dependencies = (
				5A19AA9D2BFE033E00B8822A /* PBXTargetDependency */,
			);
			name = PokeUITests;
			productName = PokeUITests;
			productReference = 5A19AA9B2BFE033E00B8822A /* PokeUITests.xctest */;
			productType = "com.apple.product-type.bundle.ui-testing";
		};
/* End PBXNativeTarget section */

/* Begin PBXProject section */
		5A19AA792BFE033D00B8822A /* Project object */ = {
			isa = PBXProject;
			attributes = {
				BuildIndependentTargetsInParallel = 1;
				LastSwiftUpdateCheck = 1540;
				LastUpgradeCheck = 1540;
				TargetAttributes = {
					5A19AA802BFE033D00B8822A = {
						CreatedOnToolsVersion = 15.4;
					};
					5A19AA902BFE033E00B8822A = {
						CreatedOnToolsVersion = 15.4;
						TestTargetID = 5A19AA802BFE033D00B8822A;
					};
					5A19AA9A2BFE033E00B8822A = {
						CreatedOnToolsVersion = 15.4;
						TestTargetID = 5A19AA802BFE033D00B8822A;
					};
				};
			};
			buildConfigurationList = 5A19AA7C2BFE033D00B8822A /* Build configuration list for PBXProject "Poke" */;
			compatibilityVersion = "Xcode 14.0";
			developmentRegion = en;
			hasScannedForEncodings = 0;
			knownRegions = (
				en,
				Base,
			);
			mainGroup = 5A19AA782BFE033D00B8822A;
			productRefGroup = 5A19AA822BFE033D00B8822A /* Products */;
			projectDirPath = "";
			projectRoot = "";
			targets = (
				5A19AA802BFE033D00B8822A /* Poke */,
				5A19AA902BFE033E00B8822A /* PokeTests */,
				5A19AA9A2BFE033E00B8822A /* PokeUITests */,
			);
		};
/* End PBXProject section */

/* Begin PBXResourcesBuildPhase section */
		5A19AA7F2BFE033D00B8822A /* Resources */ = {
			isa = PBXResourcesBuildPhase;
			buildActionMask = 2147483647;
			files = (
				5A19AA8C2BFE033E00B8822A /* Preview Assets.xcassets in Resources */,
				5A19AA892BFE033E00B8822A /* Assets.xcassets in Resources */,
			);
			runOnlyForDeploymentPostprocessing = 0;
		};
		5A19AA8F2BFE033E00B8822A /* Resources */ = {
			isa = PBXResourcesBuildPhase;
			buildActionMask = 2147483647;
			files = (
			);
			runOnlyForDeploymentPostprocessing = 0;
		};
		5A19AA992BFE033E00B8822A /* Resources */ = {
			isa = PBXResourcesBuildPhase;
			buildActionMask = 2147483647;
			files = (
			);
			runOnlyForDeploymentPostprocessing = 0;
		};
/* End PBXResourcesBuildPhase section */

/* Begin PBXSourcesBuildPhase section */
		5A19AA7D2BFE033D00B8822A /* Sources */ = {
			isa = PBXSourcesBuildPhase;
			buildActionMask = 2147483647;
			files = (
				5A19AA872BFE033D00B8822A /* PokemonListView.swift in Sources */,
				5A19AAB42BFE05F000B8822A /* PokemonDetailView.swift in Sources */,
				5A19AAB02BFE04DD00B8822A /* pokemodel.swift in Sources */,
				5A19AA852BFE033D00B8822A /* PokeApp.swift in Sources */,
				5A19AAB62BFE064D00B8822A /* AsyncImage.swift in Sources */,
				5A19AAB22BFE052F00B8822A /* PokéAPI.swift in Sources */,
			);
			runOnlyForDeploymentPostprocessing = 0;
		};
		5A19AA8D2BFE033E00B8822A /* Sources */ = {
			isa = PBXSourcesBuildPhase;
			buildActionMask = 2147483647;
			files = (
				5A19AA962BFE033E00B8822A /* PokeTests.swift in Sources */,
			);
			runOnlyForDeploymentPostprocessing = 0;
		};
		5A19AA972BFE033E00B8822A /* Sources */ = {
			isa = PBXSourcesBuildPhase;
			buildActionMask = 2147483647;
			files = (
				5A19AAA02BFE033E00B8822A /* PokeUITests.swift in Sources */,
				5A19AAA22BFE033E00B8822A /* PokeUITestsLaunchTests.swift in Sources */,
			);
			runOnlyForDeploymentPostprocessing = 0;
		};
/* End PBXSourcesBuildPhase section */

/* Begin PBXTargetDependency section */
		5A19AA932BFE033E00B8822A /* PBXTargetDependency */ = {
			isa = PBXTargetDependency;
			target = 5A19AA802BFE033D00B8822A /* Poke */;
			targetProxy = 5A19AA922BFE033E00B8822A /* PBXContainerItemProxy */;
		};
		5A19AA9D2BFE033E00B8822A /* PBXTargetDependency */ = {
			isa = PBXTargetDependency;
			target = 5A19AA802BFE033D00B8822A /* Poke */;
			targetProxy = 5A19AA9C2BFE033E00B8822A /* PBXContainerItemProxy */;
		};
/* End PBXTargetDependency section */

/* Begin XCBuildConfiguration section */
		5A19AAA32BFE033E00B8822A /* Debug */ = {
			isa = XCBuildConfiguration;
			buildSettings = {
				ALWAYS_SEARCH_USER_PATHS = NO;
				ASSETCATALOG_COMPILER_GENERATE_SWIFT_ASSET_SYMBOL_EXTENSIONS = YES;
				CLANG_ANALYZER_NONNULL = YES;
				CLANG_ANALYZER_NUMBER_OBJECT_CONVERSION = YES_AGGRESSIVE;
				CLANG_CXX_LANGUAGE_STANDARD = "gnu++20";
				CLANG_ENABLE_MODULES = YES;
				CLANG_ENABLE_OBJC_ARC = YES;
				CLANG_ENABLE_OBJC_WEAK = YES;
				CLANG_WARN_BLOCK_CAPTURE_AUTORELEASING = YES;
				CLANG_WARN_BOOL_CONVERSION = YES;
				CLANG_WARN_COMMA = YES;
				CLANG_WARN_CONSTANT_CONVERSION = YES;
				CLANG_WARN_DEPRECATED_OBJC_IMPLEMENTATIONS = YES;
				CLANG_WARN_DIRECT_OBJC_ISA_USAGE = YES_ERROR;
				CLANG_WARN_DOCUMENTATION_COMMENTS = YES;
				CLANG_WARN_EMPTY_BODY = YES;
				CLANG_WARN_ENUM_CONVERSION = YES;
				CLANG_WARN_INFINITE_RECURSION = YES;
				CLANG_WARN_INT_CONVERSION = YES;
				CLANG_WARN_NON_LITERAL_NULL_CONVERSION = YES;
				CLANG_WARN_OBJC_IMPLICIT_RETAIN_SELF = YES;
				CLANG_WARN_OBJC_LITERAL_CONVERSION = YES;
				CLANG_WARN_OBJC_ROOT_CLASS = YES_ERROR;
				CLANG_WARN_QUOTED_INCLUDE_IN_FRAMEWORK_HEADER = YES;
				CLANG_WARN_RANGE_LOOP_ANALYSIS = YES;
				CLANG_WARN_STRICT_PROTOTYPES = YES;
				CLANG_WARN_SUSPICIOUS_MOVE = YES;
				CLANG_WARN_UNGUARDED_AVAILABILITY = YES_AGGRESSIVE;
				CLANG_WARN_UNREACHABLE_CODE = YES;
				CLANG_WARN__DUPLICATE_METHOD_MATCH = YES;
				COPY_PHASE_STRIP = NO;
				DEBUG_INFORMATION_FORMAT = dwarf;
				ENABLE_STRICT_OBJC_MSGSEND = YES;
				ENABLE_TESTABILITY = YES;
				ENABLE_USER_SCRIPT_SANDBOXING = YES;
				GCC_C_LANGUAGE_STANDARD = gnu17;
				GCC_DYNAMIC_NO_PIC = NO;
				GCC_NO_COMMON_BLOCKS = YES;
				GCC_OPTIMIZATION_LEVEL = 0;
				GCC_PREPROCESSOR_DEFINITIONS = (
					"DEBUG=1",
					"$(inherited)",
				);
				GCC_WARN_64_TO_32_BIT_CONVERSION = YES;
				GCC_WARN_ABOUT_RETURN_TYPE = YES_ERROR;
				GCC_WARN_UNDECLARED_SELECTOR = YES;
				GCC_WARN_UNINITIALIZED_AUTOS = YES_AGGRESSIVE;
				GCC_WARN_UNUSED_FUNCTION = YES;
				GCC_WARN_UNUSED_VARIABLE = YES;
				IPHONEOS_DEPLOYMENT_TARGET = 17.5;
				LOCALIZATION_PREFERS_STRING_CATALOGS = YES;
				MTL_ENABLE_DEBUG_INFO = INCLUDE_SOURCE;
				MTL_FAST_MATH = YES;
				ONLY_ACTIVE_ARCH = YES;
				SDKROOT = iphoneos;
				SWIFT_ACTIVE_COMPILATION_CONDITIONS = "DEBUG $(inherited)";
				SWIFT_OPTIMIZATION_LEVEL = "-Onone";
			};
			name = Debug;
		};
		5A19AAA42BFE033E00B8822A /* Release */ = {
			isa = XCBuildConfiguration;
			buildSettings = {
				ALWAYS_SEARCH_USER_PATHS = NO;
				ASSETCATALOG_COMPILER_GENERATE_SWIFT_ASSET_SYMBOL_EXTENSIONS = YES;
				CLANG_ANALYZER_NONNULL = YES;
				CLANG_ANALYZER_NUMBER_OBJECT_CONVERSION = YES_AGGRESSIVE;
				CLANG_CXX_LANGUAGE_STANDARD = "gnu++20";
				CLANG_ENABLE_MODULES = YES;
				CLANG_ENABLE_OBJC_ARC = YES;
				CLANG_ENABLE_OBJC_WEAK = YES;
				CLANG_WARN_BLOCK_CAPTURE_AUTORELEASING = YES;
				CLANG_WARN_BOOL_CONVERSION = YES;
				CLANG_WARN_COMMA = YES;
				CLANG_WARN_CONSTANT_CONVERSION = YES;
				CLANG_WARN_DEPRECATED_OBJC_IMPLEMENTATIONS = YES;
				CLANG_WARN_DIRECT_OBJC_ISA_USAGE = YES_ERROR;
				CLANG_WARN_DOCUMENTATION_COMMENTS = YES;
				CLANG_WARN_EMPTY_BODY = YES;
				CLANG_WARN_ENUM_CONVERSION = YES;
				CLANG_WARN_INFINITE_RECURSION = YES;
				CLANG_WARN_INT_CONVERSION = YES;
				CLANG_WARN_NON_LITERAL_NULL_CONVERSION = YES;
				CLANG_WARN_OBJC_IMPLICIT_RETAIN_SELF = YES;
				CLANG_WARN_OBJC_LITERAL_CONVERSION = YES;
				CLANG_WARN_OBJC_ROOT_CLASS = YES_ERROR;
				CLANG_WARN_QUOTED_INCLUDE_IN_FRAMEWORK_HEADER = YES;
				CLANG_WARN_RANGE_LOOP_ANALYSIS = YES;
				CLANG_WARN_STRICT_PROTOTYPES = YES;
				CLANG_WARN_SUSPICIOUS_MOVE = YES;
				CLANG_WARN_UNGUARDED_AVAILABILITY = YES_AGGRESSIVE;
				CLANG_WARN_UNREACHABLE_CODE = YES;
				CLANG_WARN__DUPLICATE_METHOD_MATCH = YES;
				COPY_PHASE_STRIP = NO;
				DEBUG_INFORMATION_FORMAT = "dwarf-with-dsym";
				ENABLE_NS_ASSERTIONS = NO;
				ENABLE_STRICT_OBJC_MSGSEND = YES;
				ENABLE_USER_SCRIPT_SANDBOXING = YES;
				GCC_C_LANGUAGE_STANDARD = gnu17;
				GCC_NO_COMMON_BLOCKS = YES;
				GCC_WARN_64_TO_32_BIT_CONVERSION = YES;
				GCC_WARN_ABOUT_RETURN_TYPE = YES_ERROR;
				GCC_WARN_UNDECLARED_SELECTOR = YES;
				GCC_WARN_UNINITIALIZED_AUTOS = YES_AGGRESSIVE;
				GCC_WARN_UNUSED_FUNCTION = YES;
				GCC_WARN_UNUSED_VARIABLE = YES;
				IPHONEOS_DEPLOYMENT_TARGET = 17.5;
				LOCALIZATION_PREFERS_STRING_CATALOGS = YES;
				MTL_ENABLE_DEBUG_INFO = NO;
				MTL_FAST_MATH = YES;
				SDKROOT = iphoneos;
				SWIFT_COMPILATION_MODE = wholemodule;
				VALIDATE_PRODUCT = YES;
			};
			name = Release;
		};
		5A19AAA62BFE033E00B8822A /* Debug */ = {
			isa = XCBuildConfiguration;
			buildSettings = {
				ASSETCATALOG_COMPILER_APPICON_NAME = AppIcon;
				ASSETCATALOG_COMPILER_GLOBAL_ACCENT_COLOR_NAME = AccentColor;
				CODE_SIGN_STYLE = Automatic;
				CURRENT_PROJECT_VERSION = 1;
				DEVELOPMENT_ASSET_PATHS = "\"Poke/Preview Content\"";
				ENABLE_PREVIEWS = YES;
				GENERATE_INFOPLIST_FILE = YES;
				INFOPLIST_KEY_UIApplicationSceneManifest_Generation = YES;
				INFOPLIST_KEY_UIApplicationSupportsIndirectInputEvents = YES;
				INFOPLIST_KEY_UILaunchScreen_Generation = YES;
				INFOPLIST_KEY_UISupportedInterfaceOrientations_iPad = "UIInterfaceOrientationPortrait UIInterfaceOrientationPortraitUpsideDown UIInterfaceOrientationLandscapeLeft UIInterfaceOrientationLandscapeRight";
				INFOPLIST_KEY_UISupportedInterfaceOrientations_iPhone = "UIInterfaceOrientationPortrait UIInterfaceOrientationLandscapeLeft UIInterfaceOrientationLandscapeRight";
				LD_RUNPATH_SEARCH_PATHS = (
					"$(inherited)",
					"@executable_path/Frameworks",
				);
				MARKETING_VERSION = 1.0;
				PRODUCT_BUNDLE_IDENTIFIER = SK.Poke;
				PRODUCT_NAME = "$(TARGET_NAME)";
				SWIFT_EMIT_LOC_STRINGS = YES;
				SWIFT_VERSION = 5.0;
				TARGETED_DEVICE_FAMILY = "1,2";
			};
			name = Debug;
		};
		5A19AAA72BFE033E00B8822A /* Release */ = {
			isa = XCBuildConfiguration;
			buildSettings = {
				ASSETCATALOG_COMPILER_APPICON_NAME = AppIcon;
				ASSETCATALOG_COMPILER_GLOBAL_ACCENT_COLOR_NAME = AccentColor;
				CODE_SIGN_STYLE = Automatic;
				CURRENT_PROJECT_VERSION = 1;
				DEVELOPMENT_ASSET_PATHS = "\"Poke/Preview Content\"";
				ENABLE_PREVIEWS = YES;
				GENERATE_INFOPLIST_FILE = YES;
				INFOPLIST_KEY_UIApplicationSceneManifest_Generation = YES;
				INFOPLIST_KEY_UIApplicationSupportsIndirectInputEvents = YES;
				INFOPLIST_KEY_UILaunchScreen_Generation = YES;
				INFOPLIST_KEY_UISupportedInterfaceOrientations_iPad = "UIInterfaceOrientationPortrait UIInterfaceOrientationPortraitUpsideDown UIInterfaceOrientationLandscapeLeft UIInterfaceOrientationLandscapeRight";
				INFOPLIST_KEY_UISupportedInterfaceOrientations_iPhone = "UIInterfaceOrientationPortrait UIInterfaceOrientationLandscapeLeft UIInterfaceOrientationLandscapeRight";
				LD_RUNPATH_SEARCH_PATHS = (
					"$(inherited)",
					"@executable_path/Frameworks",
				);
				MARKETING_VERSION = 1.0;
				PRODUCT_BUNDLE_IDENTIFIER = SK.Poke;
				PRODUCT_NAME = "$(TARGET_NAME)";
				SWIFT_EMIT_LOC_STRINGS = YES;
				SWIFT_VERSION = 5.0;
				TARGETED_DEVICE_FAMILY = "1,2";
			};
			name = Release;
		};
		5A19AAA92BFE033E00B8822A /* Debug */ = {
			isa = XCBuildConfiguration;
			buildSettings = {
				ALWAYS_EMBED_SWIFT_STANDARD_LIBRARIES = YES;
				BUNDLE_LOADER = "$(TEST_HOST)";
				CODE_SIGN_STYLE = Automatic;
				CURRENT_PROJECT_VERSION = 1;
				GENERATE_INFOPLIST_FILE = YES;
				IPHONEOS_DEPLOYMENT_TARGET = 17.5;
				MARKETING_VERSION = 1.0;
				PRODUCT_BUNDLE_IDENTIFIER = SK.PokeTests;
				PRODUCT_NAME = "$(TARGET_NAME)";
				SWIFT_EMIT_LOC_STRINGS = NO;
				SWIFT_VERSION = 5.0;
				TARGETED_DEVICE_FAMILY = "1,2";
				TEST_HOST = "$(BUILT_PRODUCTS_DIR)/Poke.app/$(BUNDLE_EXECUTABLE_FOLDER_PATH)/Poke";
			};
			name = Debug;
		};
		5A19AAAA2BFE033E00B8822A /* Release */ = {
			isa = XCBuildConfiguration;
			buildSettings = {
				ALWAYS_EMBED_SWIFT_STANDARD_LIBRARIES = YES;
				BUNDLE_LOADER = "$(TEST_HOST)";
				CODE_SIGN_STYLE = Automatic;
				CURRENT_PROJECT_VERSION = 1;
				GENERATE_INFOPLIST_FILE = YES;
				IPHONEOS_DEPLOYMENT_TARGET = 17.5;
				MARKETING_VERSION = 1.0;
				PRODUCT_BUNDLE_IDENTIFIER = SK.PokeTests;
				PRODUCT_NAME = "$(TARGET_NAME)";
				SWIFT_EMIT_LOC_STRINGS = NO;
				SWIFT_VERSION = 5.0;
				TARGETED_DEVICE_FAMILY = "1,2";
				TEST_HOST = "$(BUILT_PRODUCTS_DIR)/Poke.app/$(BUNDLE_EXECUTABLE_FOLDER_PATH)/Poke";
			};
			name = Release;
		};
		5A19AAAC2BFE033E00B8822A /* Debug */ = {
			isa = XCBuildConfiguration;
			buildSettings = {
				ALWAYS_EMBED_SWIFT_STANDARD_LIBRARIES = YES;
				CODE_SIGN_STYLE = Automatic;
				CURRENT_PROJECT_VERSION = 1;
				GENERATE_INFOPLIST_FILE = YES;
				MARKETING_VERSION = 1.0;
				PRODUCT_BUNDLE_IDENTIFIER = SK.PokeUITests;
				PRODUCT_NAME = "$(TARGET_NAME)";
				SWIFT_EMIT_LOC_STRINGS = NO;
				SWIFT_VERSION = 5.0;
				TARGETED_DEVICE_FAMILY = "1,2";
				TEST_TARGET_NAME = Poke;
			};
			name = Debug;
		};
		5A19AAAD2BFE033E00B8822A /* Release */ = {
			isa = XCBuildConfiguration;
			buildSettings = {
				ALWAYS_EMBED_SWIFT_STANDARD_LIBRARIES = YES;
				CODE_SIGN_STYLE = Automatic;
				CURRENT_PROJECT_VERSION = 1;
				GENERATE_INFOPLIST_FILE = YES;
				MARKETING_VERSION = 1.0;
				PRODUCT_BUNDLE_IDENTIFIER = SK.PokeUITests;
				PRODUCT_NAME = "$(TARGET_NAME)";
				SWIFT_EMIT_LOC_STRINGS = NO;
				SWIFT_VERSION = 5.0;
				TARGETED_DEVICE_FAMILY = "1,2";
				TEST_TARGET_NAME = Poke;
			};
			name = Release;
		};
/* End XCBuildConfiguration section */

/* Begin XCConfigurationList section */
		5A19AA7C2BFE033D00B8822A /* Build configuration list for PBXProject "Poke" */ = {
			isa = XCConfigurationList;
			buildConfigurations = (
				5A19AAA32BFE033E00B8822A /* Debug */,
				5A19AAA42BFE033E00B8822A /* Release */,
			);
			defaultConfigurationIsVisible = 0;
			defaultConfigurationName = Release;
		};
		5A19AAA52BFE033E00B8822A /* Build configuration list for PBXNativeTarget "Poke" */ = {
			isa = XCConfigurationList;
			buildConfigurations = (
				5A19AAA62BFE033E00B8822A /* Debug */,
				5A19AAA72BFE033E00B8822A /* Release */,
			);
			defaultConfigurationIsVisible = 0;
			defaultConfigurationName = Release;
		};
		5A19AAA82BFE033E00B8822A /* Build configuration list for PBXNativeTarget "PokeTests" */ = {
			isa = XCConfigurationList;
			buildConfigurations = (
				5A19AAA92BFE033E00B8822A /* Debug */,
				5A19AAAA2BFE033E00B8822A /* Release */,
			);
			defaultConfigurationIsVisible = 0;
			defaultConfigurationName = Release;
		};
		5A19AAAB2BFE033E00B8822A /* Build configuration list for PBXNativeTarget "PokeUITests" */ = {
			isa = XCConfigurationList;
			buildConfigurations = (
				5A19AAAC2BFE033E00B8822A /* Debug */,
				5A19AAAD2BFE033E00B8822A /* Release */,
			);
			defaultConfigurationIsVisible = 0;
			defaultConfigurationName = Release;
		};
/* End XCConfigurationList section */
	};
	rootObject = 5A19AA792BFE033D00B8822A /* Project object */;
}
